// !$*UTF8*$!
{
	archiveVersion = 1;
	classes = {
	};
	objectVersion = 50;
	objects = {

/* Begin PBXBuildFile section */
		C935EC0A24BE572C00948554 /* CardImage.swift in Sources */ = {isa = PBXBuildFile; fileRef = C935EC0924BE572C00948554 /* CardImage.swift */; };
		C935EC0D24BE5AD100948554 /* cardData.json in Resources */ = {isa = PBXBuildFile; fileRef = C935EC0C24BE5AD100948554 /* cardData.json */; };
		C96D2D0C24305F2E00E10B01 /* AppDelegate.swift in Sources */ = {isa = PBXBuildFile; fileRef = C96D2D0B24305F2E00E10B01 /* AppDelegate.swift */; };
		C96D2D0E24305F2E00E10B01 /* SceneDelegate.swift in Sources */ = {isa = PBXBuildFile; fileRef = C96D2D0D24305F2E00E10B01 /* SceneDelegate.swift */; };
		C96D2D1024305F2E00E10B01 /* ContentView.swift in Sources */ = {isa = PBXBuildFile; fileRef = C96D2D0F24305F2E00E10B01 /* ContentView.swift */; };
		C96D2D1224305F3000E10B01 /* Assets.xcassets in Resources */ = {isa = PBXBuildFile; fileRef = C96D2D1124305F3000E10B01 /* Assets.xcassets */; };
		C96D2D1524305F3000E10B01 /* Preview Assets.xcassets in Resources */ = {isa = PBXBuildFile; fileRef = C96D2D1424305F3000E10B01 /* Preview Assets.xcassets */; };
		C96D2D1824305F3000E10B01 /* LaunchScreen.storyboard in Resources */ = {isa = PBXBuildFile; fileRef = C96D2D1624305F3000E10B01 /* LaunchScreen.storyboard */; };
		C9EFD94824B5392700709BC9 /* Card.swift in Sources */ = {isa = PBXBuildFile; fileRef = C9EFD94724B5392700709BC9 /* Card.swift */; };
		C9EFD95224B7A70500709BC9 /* CardTests.swift in Sources */ = {isa = PBXBuildFile; fileRef = C9EFD95124B7A70500709BC9 /* CardTests.swift */; };
		C9EFD95C24B8194400709BC9 /* Deck.swift in Sources */ = {isa = PBXBuildFile; fileRef = C9EFD95B24B8194400709BC9 /* Deck.swift */; };
/* End PBXBuildFile section */

/* Begin PBXContainerItemProxy section */
		C9EFD95424B7A70500709BC9 /* PBXContainerItemProxy */ = {
			isa = PBXContainerItemProxy;
			containerPortal = C96D2D0024305F2E00E10B01 /* Project object */;
			proxyType = 1;
			remoteGlobalIDString = C96D2D0724305F2E00E10B01;
			remoteInfo = CardCrucible;
		};
/* End PBXContainerItemProxy section */

/* Begin PBXFileReference section */
		C935EC0924BE572C00948554 /* CardImage.swift */ = {isa = PBXFileReference; lastKnownFileType = sourcecode.swift; path = CardImage.swift; sourceTree = "<group>"; };
		C935EC0C24BE5AD100948554 /* cardData.json */ = {isa = PBXFileReference; lastKnownFileType = text.json; path = cardData.json; sourceTree = "<group>"; };
		C96D2D0824305F2E00E10B01 /* CardCrucible.app */ = {isa = PBXFileReference; explicitFileType = wrapper.application; includeInIndex = 0; path = CardCrucible.app; sourceTree = BUILT_PRODUCTS_DIR; };
		C96D2D0B24305F2E00E10B01 /* AppDelegate.swift */ = {isa = PBXFileReference; lastKnownFileType = sourcecode.swift; path = AppDelegate.swift; sourceTree = "<group>"; };
		C96D2D0D24305F2E00E10B01 /* SceneDelegate.swift */ = {isa = PBXFileReference; lastKnownFileType = sourcecode.swift; path = SceneDelegate.swift; sourceTree = "<group>"; };
		C96D2D0F24305F2E00E10B01 /* ContentView.swift */ = {isa = PBXFileReference; lastKnownFileType = sourcecode.swift; path = ContentView.swift; sourceTree = "<group>"; };
		C96D2D1124305F3000E10B01 /* Assets.xcassets */ = {isa = PBXFileReference; lastKnownFileType = folder.assetcatalog; path = Assets.xcassets; sourceTree = "<group>"; };
		C96D2D1424305F3000E10B01 /* Preview Assets.xcassets */ = {isa = PBXFileReference; lastKnownFileType = folder.assetcatalog; path = "Preview Assets.xcassets"; sourceTree = "<group>"; };
		C96D2D1724305F3000E10B01 /* Base */ = {isa = PBXFileReference; lastKnownFileType = file.storyboard; name = Base; path = Base.lproj/LaunchScreen.storyboard; sourceTree = "<group>"; };
		C96D2D1924305F3000E10B01 /* Info.plist */ = {isa = PBXFileReference; lastKnownFileType = text.plist.xml; path = Info.plist; sourceTree = "<group>"; };
		C9EFD94724B5392700709BC9 /* Card.swift */ = {isa = PBXFileReference; lastKnownFileType = sourcecode.swift; path = Card.swift; sourceTree = "<group>"; };
		C9EFD94F24B7A70500709BC9 /* CardCrucibleTests.xctest */ = {isa = PBXFileReference; explicitFileType = wrapper.cfbundle; includeInIndex = 0; path = CardCrucibleTests.xctest; sourceTree = BUILT_PRODUCTS_DIR; };
		C9EFD95124B7A70500709BC9 /* CardTests.swift */ = {isa = PBXFileReference; lastKnownFileType = sourcecode.swift; path = CardTests.swift; sourceTree = "<group>"; };
		C9EFD95324B7A70500709BC9 /* Info.plist */ = {isa = PBXFileReference; lastKnownFileType = text.plist.xml; path = Info.plist; sourceTree = "<group>"; };
		C9EFD95B24B8194400709BC9 /* Deck.swift */ = {isa = PBXFileReference; lastKnownFileType = sourcecode.swift; path = Deck.swift; sourceTree = "<group>"; };
/* End PBXFileReference section */

/* Begin PBXFrameworksBuildPhase section */
		C96D2D0524305F2E00E10B01 /* Frameworks */ = {
			isa = PBXFrameworksBuildPhase;
			buildActionMask = 2147483647;
			files = (
			);
			runOnlyForDeploymentPostprocessing = 0;
		};
		C9EFD94C24B7A70500709BC9 /* Frameworks */ = {
			isa = PBXFrameworksBuildPhase;
			buildActionMask = 2147483647;
			files = (
			);
			runOnlyForDeploymentPostprocessing = 0;
		};
/* End PBXFrameworksBuildPhase section */

/* Begin PBXGroup section */
		C935EC0B24BE5A9B00948554 /* Resources */ = {
			isa = PBXGroup;
			children = (
				C935EC0C24BE5AD100948554 /* cardData.json */,
			);
			path = Resources;
			sourceTree = "<group>";
		};
		C935EC0E24BE664D00948554 /* Models */ = {
			isa = PBXGroup;
			children = (
				C9EFD95B24B8194400709BC9 /* Deck.swift */,
				C9EFD94724B5392700709BC9 /* Card.swift */,
			);
			path = Models;
			sourceTree = "<group>";
		};
		C96D2CFF24305F2E00E10B01 = {
			isa = PBXGroup;
			children = (
				C96D2D0A24305F2E00E10B01 /* CardCrucible */,
				C9EFD95024B7A70500709BC9 /* CardCrucibleTests */,
				C96D2D0924305F2E00E10B01 /* Products */,
			);
			sourceTree = "<group>";
		};
		C96D2D0924305F2E00E10B01 /* Products */ = {
			isa = PBXGroup;
			children = (
				C96D2D0824305F2E00E10B01 /* CardCrucible.app */,
				C9EFD94F24B7A70500709BC9 /* CardCrucibleTests.xctest */,
			);
			name = Products;
			sourceTree = "<group>";
		};
		C96D2D0A24305F2E00E10B01 /* CardCrucible */ = {
			isa = PBXGroup;
			children = (
				C935EC0E24BE664D00948554 /* Models */,
				C96D2D0B24305F2E00E10B01 /* AppDelegate.swift */,
				C96D2D0D24305F2E00E10B01 /* SceneDelegate.swift */,
				C96D2D0F24305F2E00E10B01 /* ContentView.swift */,
				C96D2D1124305F3000E10B01 /* Assets.xcassets */,
				C96D2D1624305F3000E10B01 /* LaunchScreen.storyboard */,
				C96D2D1924305F3000E10B01 /* Info.plist */,
				C935EC0924BE572C00948554 /* CardImage.swift */,
				C935EC0B24BE5A9B00948554 /* Resources */,
				C96D2D1324305F3000E10B01 /* Preview Content */,
			);
			path = CardCrucible;
			sourceTree = "<group>";
		};
		C96D2D1324305F3000E10B01 /* Preview Content */ = {
			isa = PBXGroup;
			children = (
				C96D2D1424305F3000E10B01 /* Preview Assets.xcassets */,
			);
			path = "Preview Content";
			sourceTree = "<group>";
		};
		C9EFD95024B7A70500709BC9 /* CardCrucibleTests */ = {
			isa = PBXGroup;
			children = (
				C9EFD95124B7A70500709BC9 /* CardTests.swift */,
				C9EFD95324B7A70500709BC9 /* Info.plist */,
			);
			path = CardCrucibleTests;
			sourceTree = "<group>";
		};
/* End PBXGroup section */

/* Begin PBXNativeTarget section */
		C96D2D0724305F2E00E10B01 /* CardCrucible */ = {
			isa = PBXNativeTarget;
			buildConfigurationList = C96D2D1C24305F3000E10B01 /* Build configuration list for PBXNativeTarget "CardCrucible" */;
			buildPhases = (
				C96D2D0424305F2E00E10B01 /* Sources */,
				C96D2D0524305F2E00E10B01 /* Frameworks */,
				C96D2D0624305F2E00E10B01 /* Resources */,
			);
			buildRules = (
			);
			dependencies = (
			);
			name = CardCrucible;
			productName = CardCrucible;
			productReference = C96D2D0824305F2E00E10B01 /* CardCrucible.app */;
			productType = "com.apple.product-type.application";
		};
		C9EFD94E24B7A70500709BC9 /* CardCrucibleTests */ = {
			isa = PBXNativeTarget;
			buildConfigurationList = C9EFD95624B7A70500709BC9 /* Build configuration list for PBXNativeTarget "CardCrucibleTests" */;
			buildPhases = (
				C9EFD94B24B7A70500709BC9 /* Sources */,
				C9EFD94C24B7A70500709BC9 /* Frameworks */,
				C9EFD94D24B7A70500709BC9 /* Resources */,
			);
			buildRules = (
			);
			dependencies = (
				C9EFD95524B7A70500709BC9 /* PBXTargetDependency */,
			);
			name = CardCrucibleTests;
			productName = CardCrucibleTests;
			productReference = C9EFD94F24B7A70500709BC9 /* CardCrucibleTests.xctest */;
			productType = "com.apple.product-type.bundle.unit-test";
		};
/* End PBXNativeTarget section */

/* Begin PBXProject section */
		C96D2D0024305F2E00E10B01 /* Project object */ = {
			isa = PBXProject;
			attributes = {
				LastSwiftUpdateCheck = 1150;
				LastUpgradeCheck = 1130;
				ORGANIZATIONNAME = "Matthew Kressin";
				TargetAttributes = {
					C96D2D0724305F2E00E10B01 = {
						CreatedOnToolsVersion = 11.3.1;
					};
					C9EFD94E24B7A70500709BC9 = {
						CreatedOnToolsVersion = 11.5;
						TestTargetID = C96D2D0724305F2E00E10B01;
					};
				};
			};
			buildConfigurationList = C96D2D0324305F2E00E10B01 /* Build configuration list for PBXProject "CardCrucible" */;
			compatibilityVersion = "Xcode 9.3";
			developmentRegion = en;
			hasScannedForEncodings = 0;
			knownRegions = (
				en,
				Base,
			);
			mainGroup = C96D2CFF24305F2E00E10B01;
			productRefGroup = C96D2D0924305F2E00E10B01 /* Products */;
			projectDirPath = "";
			projectRoot = "";
			targets = (
				C96D2D0724305F2E00E10B01 /* CardCrucible */,
				C9EFD94E24B7A70500709BC9 /* CardCrucibleTests */,
			);
		};
/* End PBXProject section */

/* Begin PBXResourcesBuildPhase section */
		C96D2D0624305F2E00E10B01 /* Resources */ = {
			isa = PBXResourcesBuildPhase;
			buildActionMask = 2147483647;
			files = (
				C96D2D1824305F3000E10B01 /* LaunchScreen.storyboard in Resources */,
				C935EC0D24BE5AD100948554 /* cardData.json in Resources */,
				C96D2D1524305F3000E10B01 /* Preview Assets.xcassets in Resources */,
				C96D2D1224305F3000E10B01 /* Assets.xcassets in Resources */,
			);
			runOnlyForDeploymentPostprocessing = 0;
		};
		C9EFD94D24B7A70500709BC9 /* Resources */ = {
			isa = PBXResourcesBuildPhase;
			buildActionMask = 2147483647;
			files = (
			);
			runOnlyForDeploymentPostprocessing = 0;
		};
/* End PBXResourcesBuildPhase section */

/* Begin PBXSourcesBuildPhase section */
		C96D2D0424305F2E00E10B01 /* Sources */ = {
			isa = PBXSourcesBuildPhase;
			buildActionMask = 2147483647;
			files = (
				C96D2D0C24305F2E00E10B01 /* AppDelegate.swift in Sources */,
				C96D2D0E24305F2E00E10B01 /* SceneDelegate.swift in Sources */,
				C9EFD95C24B8194400709BC9 /* Deck.swift in Sources */,
				C935EC0A24BE572C00948554 /* CardImage.swift in Sources */,
				C96D2D1024305F2E00E10B01 /* ContentView.swift in Sources */,
				C9EFD94824B5392700709BC9 /* Card.swift in Sources */,
			);
			runOnlyForDeploymentPostprocessing = 0;
		};
		C9EFD94B24B7A70500709BC9 /* Sources */ = {
			isa = PBXSourcesBuildPhase;
			buildActionMask = 2147483647;
			files = (
				C9EFD95224B7A70500709BC9 /* CardTests.swift in Sources */,
			);
			runOnlyForDeploymentPostprocessing = 0;
		};
/* End PBXSourcesBuildPhase section */

/* Begin PBXTargetDependency section */
		C9EFD95524B7A70500709BC9 /* PBXTargetDependency */ = {
			isa = PBXTargetDependency;
			target = C96D2D0724305F2E00E10B01 /* CardCrucible */;
			targetProxy = C9EFD95424B7A70500709BC9 /* PBXContainerItemProxy */;
		};
/* End PBXTargetDependency section */

/* Begin PBXVariantGroup section */
		C96D2D1624305F3000E10B01 /* LaunchScreen.storyboard */ = {
			isa = PBXVariantGroup;
			children = (
				C96D2D1724305F3000E10B01 /* Base */,
			);
			name = LaunchScreen.storyboard;
			sourceTree = "<group>";
		};
/* End PBXVariantGroup section */

/* Begin XCBuildConfiguration section */
		C96D2D1A24305F3000E10B01 /* Debug */ = {
			isa = XCBuildConfiguration;
			buildSettings = {
				ALWAYS_SEARCH_USER_PATHS = NO;
				CLANG_ANALYZER_NONNULL = YES;
				CLANG_ANALYZER_NUMBER_OBJECT_CONVERSION = YES_AGGRESSIVE;
				CLANG_CXX_LANGUAGE_STANDARD = "gnu++14";
				CLANG_CXX_LIBRARY = "libc++";
				CLANG_ENABLE_MODULES = YES;
				CLANG_ENABLE_OBJC_ARC = YES;
				CLANG_ENABLE_OBJC_WEAK = YES;
				CLANG_WARN_BLOCK_CAPTURE_AUTORELEASING = YES;
				CLANG_WARN_BOOL_CONVERSION = YES;
				CLANG_WARN_COMMA = YES;
				CLANG_WARN_CONSTANT_CONVERSION = YES;
				CLANG_WARN_DEPRECATED_OBJC_IMPLEMENTATIONS = YES;
				CLANG_WARN_DIRECT_OBJC_ISA_USAGE = YES_ERROR;
				CLANG_WARN_DOCUMENTATION_COMMENTS = YES;
				CLANG_WARN_EMPTY_BODY = YES;
				CLANG_WARN_ENUM_CONVERSION = YES;
				CLANG_WARN_INFINITE_RECURSION = YES;
				CLANG_WARN_INT_CONVERSION = YES;
				CLANG_WARN_NON_LITERAL_NULL_CONVERSION = YES;
				CLANG_WARN_OBJC_IMPLICIT_RETAIN_SELF = YES;
				CLANG_WARN_OBJC_LITERAL_CONVERSION = YES;
				CLANG_WARN_OBJC_ROOT_CLASS = YES_ERROR;
				CLANG_WARN_RANGE_LOOP_ANALYSIS = YES;
				CLANG_WARN_STRICT_PROTOTYPES = YES;
				CLANG_WARN_SUSPICIOUS_MOVE = YES;
				CLANG_WARN_UNGUARDED_AVAILABILITY = YES_AGGRESSIVE;
				CLANG_WARN_UNREACHABLE_CODE = YES;
				CLANG_WARN__DUPLICATE_METHOD_MATCH = YES;
				COPY_PHASE_STRIP = NO;
				DEBUG_INFORMATION_FORMAT = dwarf;
				ENABLE_STRICT_OBJC_MSGSEND = YES;
				ENABLE_TESTABILITY = YES;
				GCC_C_LANGUAGE_STANDARD = gnu11;
				GCC_DYNAMIC_NO_PIC = NO;
				GCC_NO_COMMON_BLOCKS = YES;
				GCC_OPTIMIZATION_LEVEL = 0;
				GCC_PREPROCESSOR_DEFINITIONS = (
					"DEBUG=1",
					"$(inherited)",
				);
				GCC_WARN_64_TO_32_BIT_CONVERSION = YES;
				GCC_WARN_ABOUT_RETURN_TYPE = YES_ERROR;
				GCC_WARN_UNDECLARED_SELECTOR = YES;
				GCC_WARN_UNINITIALIZED_AUTOS = YES_AGGRESSIVE;
				GCC_WARN_UNUSED_FUNCTION = YES;
				GCC_WARN_UNUSED_VARIABLE = YES;
				IPHONEOS_DEPLOYMENT_TARGET = 13.2;
				MTL_ENABLE_DEBUG_INFO = INCLUDE_SOURCE;
				MTL_FAST_MATH = YES;
				ONLY_ACTIVE_ARCH = YES;
				SDKROOT = iphoneos;
				SWIFT_ACTIVE_COMPILATION_CONDITIONS = DEBUG;
				SWIFT_OPTIMIZATION_LEVEL = "-Onone";
			};
			name = Debug;
		};
		C96D2D1B24305F3000E10B01 /* Release */ = {
			isa = XCBuildConfiguration;
			buildSettings = {
				ALWAYS_SEARCH_USER_PATHS = NO;
				CLANG_ANALYZER_NONNULL = YES;
				CLANG_ANALYZER_NUMBER_OBJECT_CONVERSION = YES_AGGRESSIVE;
				CLANG_CXX_LANGUAGE_STANDARD = "gnu++14";
				CLANG_CXX_LIBRARY = "libc++";
				CLANG_ENABLE_MODULES = YES;
				CLANG_ENABLE_OBJC_ARC = YES;
				CLANG_ENABLE_OBJC_WEAK = YES;
				CLANG_WARN_BLOCK_CAPTURE_AUTORELEASING = YES;
				CLANG_WARN_BOOL_CONVERSION = YES;
				CLANG_WARN_COMMA = YES;
				CLANG_WARN_CONSTANT_CONVERSION = YES;
				CLANG_WARN_DEPRECATED_OBJC_IMPLEMENTATIONS = YES;
				CLANG_WARN_DIRECT_OBJC_ISA_USAGE = YES_ERROR;
				CLANG_WARN_DOCUMENTATION_COMMENTS = YES;
				CLANG_WARN_EMPTY_BODY = YES;
				CLANG_WARN_ENUM_CONVERSION = YES;
				CLANG_WARN_INFINITE_RECURSION = YES;
				CLANG_WARN_INT_CONVERSION = YES;
				CLANG_WARN_NON_LITERAL_NULL_CONVERSION = YES;
				CLANG_WARN_OBJC_IMPLICIT_RETAIN_SELF = YES;
				CLANG_WARN_OBJC_LITERAL_CONVERSION = YES;
				CLANG_WARN_OBJC_ROOT_CLASS = YES_ERROR;
				CLANG_WARN_RANGE_LOOP_ANALYSIS = YES;
				CLANG_WARN_STRICT_PROTOTYPES = YES;
				CLANG_WARN_SUSPICIOUS_MOVE = YES;
				CLANG_WARN_UNGUARDED_AVAILABILITY = YES_AGGRESSIVE;
				CLANG_WARN_UNREACHABLE_CODE = YES;
				CLANG_WARN__DUPLICATE_METHOD_MATCH = YES;
				COPY_PHASE_STRIP = NO;
				DEBUG_INFORMATION_FORMAT = "dwarf-with-dsym";
				ENABLE_NS_ASSERTIONS = NO;
				ENABLE_STRICT_OBJC_MSGSEND = YES;
				GCC_C_LANGUAGE_STANDARD = gnu11;
				GCC_NO_COMMON_BLOCKS = YES;
				GCC_WARN_64_TO_32_BIT_CONVERSION = YES;
				GCC_WARN_ABOUT_RETURN_TYPE = YES_ERROR;
				GCC_WARN_UNDECLARED_SELECTOR = YES;
				GCC_WARN_UNINITIALIZED_AUTOS = YES_AGGRESSIVE;
				GCC_WARN_UNUSED_FUNCTION = YES;
				GCC_WARN_UNUSED_VARIABLE = YES;
				IPHONEOS_DEPLOYMENT_TARGET = 13.2;
				MTL_ENABLE_DEBUG_INFO = NO;
				MTL_FAST_MATH = YES;
				SDKROOT = iphoneos;
				SWIFT_COMPILATION_MODE = wholemodule;
				SWIFT_OPTIMIZATION_LEVEL = "-O";
				VALIDATE_PRODUCT = YES;
			};
			name = Release;
		};
		C96D2D1D24305F3000E10B01 /* Debug */ = {
			isa = XCBuildConfiguration;
			buildSettings = {
				ASSETCATALOG_COMPILER_APPICON_NAME = AppIcon;
				CODE_SIGN_STYLE = Automatic;
				DEVELOPMENT_ASSET_PATHS = "\"CardCrucible/Preview Content\"";
				ENABLE_PREVIEWS = YES;
				INFOPLIST_FILE = CardCrucible/Info.plist;
				LD_RUNPATH_SEARCH_PATHS = (
					"$(inherited)",
					"@executable_path/Frameworks",
				);
				PRODUCT_BUNDLE_IDENTIFIER = com.example.CardCrucible;
				PRODUCT_NAME = "$(TARGET_NAME)";
				SWIFT_VERSION = 5.0;
				TARGETED_DEVICE_FAMILY = "1,2";
			};
			name = Debug;
		};
		C96D2D1E24305F3000E10B01 /* Release */ = {
			isa = XCBuildConfiguration;
			buildSettings = {
				ASSETCATALOG_COMPILER_APPICON_NAME = AppIcon;
				CODE_SIGN_STYLE = Automatic;
				DEVELOPMENT_ASSET_PATHS = "\"CardCrucible/Preview Content\"";
				ENABLE_PREVIEWS = YES;
				INFOPLIST_FILE = CardCrucible/Info.plist;
				LD_RUNPATH_SEARCH_PATHS = (
					"$(inherited)",
					"@executable_path/Frameworks",
				);
				PRODUCT_BUNDLE_IDENTIFIER = com.example.CardCrucible;
				PRODUCT_NAME = "$(TARGET_NAME)";
				SWIFT_VERSION = 5.0;
				TARGETED_DEVICE_FAMILY = "1,2";
			};
			name = Release;
		};
		C9EFD95724B7A70500709BC9 /* Debug */ = {
			isa = XCBuildConfiguration;
			buildSettings = {
				BUNDLE_LOADER = "$(TEST_HOST)";
				CODE_SIGN_STYLE = Automatic;
				INFOPLIST_FILE = CardCrucibleTests/Info.plist;
				IPHONEOS_DEPLOYMENT_TARGET = 13.5;
				LD_RUNPATH_SEARCH_PATHS = (
					"$(inherited)",
					"@executable_path/Frameworks",
					"@loader_path/Frameworks",
				);
				PRODUCT_BUNDLE_IDENTIFIER = com.example.CardCrucibleTests;
				PRODUCT_NAME = "$(TARGET_NAME)";
				SWIFT_VERSION = 5.0;
				TARGETED_DEVICE_FAMILY = "1,2";
				TEST_HOST = "$(BUILT_PRODUCTS_DIR)/CardCrucible.app/CardCrucible";
			};
			name = Debug;
		};
		C9EFD95824B7A70500709BC9 /* Release */ = {
			isa = XCBuildConfiguration;
			buildSettings = {
				BUNDLE_LOADER = "$(TEST_HOST)";
				CODE_SIGN_STYLE = Automatic;
				INFOPLIST_FILE = CardCrucibleTests/Info.plist;
				IPHONEOS_DEPLOYMENT_TARGET = 13.5;
				LD_RUNPATH_SEARCH_PATHS = (
					"$(inherited)",
					"@executable_path/Frameworks",
					"@loader_path/Frameworks",
				);
				PRODUCT_BUNDLE_IDENTIFIER = com.example.CardCrucibleTests;
				PRODUCT_NAME = "$(TARGET_NAME)";
				SWIFT_VERSION = 5.0;
				TARGETED_DEVICE_FAMILY = "1,2";
				TEST_HOST = "$(BUILT_PRODUCTS_DIR)/CardCrucible.app/CardCrucible";
			};
			name = Release;
		};
/* End XCBuildConfiguration section */

/* Begin XCConfigurationList section */
		C96D2D0324305F2E00E10B01 /* Build configuration list for PBXProject "CardCrucible" */ = {
			isa = XCConfigurationList;
			buildConfigurations = (
				C96D2D1A24305F3000E10B01 /* Debug */,
				C96D2D1B24305F3000E10B01 /* Release */,
			);
			defaultConfigurationIsVisible = 0;
			defaultConfigurationName = Release;
		};
		C96D2D1C24305F3000E10B01 /* Build configuration list for PBXNativeTarget "CardCrucible" */ = {
			isa = XCConfigurationList;
			buildConfigurations = (
				C96D2D1D24305F3000E10B01 /* Debug */,
				C96D2D1E24305F3000E10B01 /* Release */,
			);
			defaultConfigurationIsVisible = 0;
			defaultConfigurationName = Release;
		};
		C9EFD95624B7A70500709BC9 /* Build configuration list for PBXNativeTarget "CardCrucibleTests" */ = {
			isa = XCConfigurationList;
			buildConfigurations = (
				C9EFD95724B7A70500709BC9 /* Debug */,
				C9EFD95824B7A70500709BC9 /* Release */,
			);
			defaultConfigurationIsVisible = 0;
			defaultConfigurationName = Release;
		};
/* End XCConfigurationList section */
	};
	rootObject = C96D2D0024305F2E00E10B01 /* Project object */;
}
